
Microsoft Visual Studio Solution File, Format Version 12.00
# Visual Studio Version 17
VisualStudioVersion = 17.11.35222.181
MinimumVisualStudioVersion = 10.0.40219.1
Project("{9A19103F-16F7-4668-BE54-9A1E7A4F7556}") = "LibraryMngementC.API", "LibraryMngementC.API\LibraryMngementC.API.csproj", "{1FFA4F2F-9C06-4FA6-A7C8-2BD745CB0F4F}"
EndProject
Project("{9A19103F-16F7-4668-BE54-9A1E7A4F7556}") = "LibraryManagementC.Domain", "LibraryManagementC.Domain\LibraryManagementC.Domain.csproj", "{84B01FF2-9267-4E9B-95EE-11C6C4CE648E}"
EndProject
Project("{2150E333-8FDC-42A3-9474-1A3956D46DE8}") = "Core", "Core", "{1FD2E6B0-B88F-4279-938E-3D8AC8B77254}"
EndProject
Project("{2150E333-8FDC-42A3-9474-1A3956D46DE8}") = "Application", "Application", "{0A80A204-0E48-472F-9EA8-174B8C11323A}"
EndProject
Project("{2150E333-8FDC-42A3-9474-1A3956D46DE8}") = "Domain", "Domain", "{9C1E28D3-7FC7-4C7B-B447-A7D996659DEB}"
EndProject
Project("{2150E333-8FDC-42A3-9474-1A3956D46DE8}") = "Api", "Api", "{70F4DA1F-D9FC-4673-97AF-8265B078479C}"
EndProject
Project("{2150E333-8FDC-42A3-9474-1A3956D46DE8}") = "Infrastructure", "Infrastructure", "{CFB9D948-6AB7-4109-9FD7-A368795A747E}"
EndProject
Project("{9A19103F-16F7-4668-BE54-9A1E7A4F7556}") = "LibraryManagement.Application", "LibraryManagement.Application\LibraryManagement.Application.csproj", "{8ABCE026-F830-438B-AB57-C6A6A850BB39}"
EndProject
Project("{2150E333-8FDC-42A3-9474-1A3956D46DE8}") = "Persistance", "Persistance", "{620A483E-B2AC-4BE9-9DE1-976355667D3B}"
EndProject
Project("{9A19103F-16F7-4668-BE54-9A1E7A4F7556}") = "LibraryManagementC.Persistance", "LibraryManagementC.Persistance\LibraryManagementC.Persistance.csproj", "{557762B1-90CB-476A-BBD9-20549CE7EC98}"
EndProject
Project("{2150E333-8FDC-42A3-9474-1A3956D46DE8}") = "Utility", "Utility", "{24EB242F-DA52-4D63-B225-D7156E8023F0}"
EndProject
Project("{9A19103F-16F7-4668-BE54-9A1E7A4F7556}") = "LibraryMngementC.Identity", "LibraryMngementC.Identity\LibraryMngementC.Identity.csproj", "{5BADFA9B-3EB0-4426-A5E1-D91D84E63967}"
EndProject
Project("{2150E333-8FDC-42A3-9474-1A3956D46DE8}") = "Identity", "Identity", "{FBF405CE-D5F8-4FED-94D0-4793E16F3D2B}"
EndProject
Project("{FAE04EC0-301F-11D3-BF4B-00C04F79EFBC}") = "LibraryMngementC.Utility", "LibraryMngementC.Utility\LibraryMngementC.Utility.csproj", "{25573CA1-A65D-4F56-AD8F-FCF25AFF9488}"
EndProject
Global
	GlobalSection(SolutionConfigurationPlatforms) = preSolution
		Debug|Any CPU = Debug|Any CPU
		Release|Any CPU = Release|Any CPU
	EndGlobalSection
	GlobalSection(ProjectConfigurationPlatforms) = postSolution
		{1FFA4F2F-9C06-4FA6-A7C8-2BD745CB0F4F}.Debug|Any CPU.ActiveCfg = Debug|Any CPU
		{1FFA4F2F-9C06-4FA6-A7C8-2BD745CB0F4F}.Debug|Any CPU.Build.0 = Debug|Any CPU
		{1FFA4F2F-9C06-4FA6-A7C8-2BD745CB0F4F}.Release|Any CPU.ActiveCfg = Release|Any CPU
		{1FFA4F2F-9C06-4FA6-A7C8-2BD745CB0F4F}.Release|Any CPU.Build.0 = Release|Any CPU
		{84B01FF2-9267-4E9B-95EE-11C6C4CE648E}.Debug|Any CPU.ActiveCfg = Debug|Any CPU
		{84B01FF2-9267-4E9B-95EE-11C6C4CE648E}.Debug|Any CPU.Build.0 = Debug|Any CPU
		{84B01FF2-9267-4E9B-95EE-11C6C4CE648E}.Release|Any CPU.ActiveCfg = Release|Any CPU
		{84B01FF2-9267-4E9B-95EE-11C6C4CE648E}.Release|Any CPU.Build.0 = Release|Any CPU
		{8ABCE026-F830-438B-AB57-C6A6A850BB39}.Debug|Any CPU.ActiveCfg = Debug|Any CPU
		{8ABCE026-F830-438B-AB57-C6A6A850BB39}.Debug|Any CPU.Build.0 = Debug|Any CPU
		{8ABCE026-F830-438B-AB57-C6A6A850BB39}.Release|Any CPU.ActiveCfg = Release|Any CPU
		{8ABCE026-F830-438B-AB57-C6A6A850BB39}.Release|Any CPU.Build.0 = Release|Any CPU
		{557762B1-90CB-476A-BBD9-20549CE7EC98}.Debug|Any CPU.ActiveCfg = Debug|Any CPU
		{557762B1-90CB-476A-BBD9-20549CE7EC98}.Debug|Any CPU.Build.0 = Debug|Any CPU
		{557762B1-90CB-476A-BBD9-20549CE7EC98}.Release|Any CPU.ActiveCfg = Release|Any CPU
		{557762B1-90CB-476A-BBD9-20549CE7EC98}.Release|Any CPU.Build.0 = Release|Any CPU
		{5BADFA9B-3EB0-4426-A5E1-D91D84E63967}.Debug|Any CPU.ActiveCfg = Debug|Any CPU
		{5BADFA9B-3EB0-4426-A5E1-D91D84E63967}.Debug|Any CPU.Build.0 = Debug|Any CPU
		{5BADFA9B-3EB0-4426-A5E1-D91D84E63967}.Release|Any CPU.ActiveCfg = Release|Any CPU
		{5BADFA9B-3EB0-4426-A5E1-D91D84E63967}.Release|Any CPU.Build.0 = Release|Any CPU
		{25573CA1-A65D-4F56-AD8F-FCF25AFF9488}.Debug|Any CPU.ActiveCfg = Debug|Any CPU
		{25573CA1-A65D-4F56-AD8F-FCF25AFF9488}.Debug|Any CPU.Build.0 = Debug|Any CPU
		{25573CA1-A65D-4F56-AD8F-FCF25AFF9488}.Release|Any CPU.ActiveCfg = Release|Any CPU
		{25573CA1-A65D-4F56-AD8F-FCF25AFF9488}.Release|Any CPU.Build.0 = Release|Any CPU
	EndGlobalSection
	GlobalSection(SolutionProperties) = preSolution
		HideSolutionNode = FALSE
	EndGlobalSection
	GlobalSection(NestedProjects) = preSolution
		{1FFA4F2F-9C06-4FA6-A7C8-2BD745CB0F4F} = {70F4DA1F-D9FC-4673-97AF-8265B078479C}
		{84B01FF2-9267-4E9B-95EE-11C6C4CE648E} = {9C1E28D3-7FC7-4C7B-B447-A7D996659DEB}
		{0A80A204-0E48-472F-9EA8-174B8C11323A} = {1FD2E6B0-B88F-4279-938E-3D8AC8B77254}
		{9C1E28D3-7FC7-4C7B-B447-A7D996659DEB} = {1FD2E6B0-B88F-4279-938E-3D8AC8B77254}
		{8ABCE026-F830-438B-AB57-C6A6A850BB39} = {0A80A204-0E48-472F-9EA8-174B8C11323A}
		{620A483E-B2AC-4BE9-9DE1-976355667D3B} = {CFB9D948-6AB7-4109-9FD7-A368795A747E}
		{557762B1-90CB-476A-BBD9-20549CE7EC98} = {620A483E-B2AC-4BE9-9DE1-976355667D3B}
		{24EB242F-DA52-4D63-B225-D7156E8023F0} = {CFB9D948-6AB7-4109-9FD7-A368795A747E}
		{5BADFA9B-3EB0-4426-A5E1-D91D84E63967} = {FBF405CE-D5F8-4FED-94D0-4793E16F3D2B}
		{FBF405CE-D5F8-4FED-94D0-4793E16F3D2B} = {CFB9D948-6AB7-4109-9FD7-A368795A747E}
		{25573CA1-A65D-4F56-AD8F-FCF25AFF9488} = {24EB242F-DA52-4D63-B225-D7156E8023F0}
	EndGlobalSection
	GlobalSection(ExtensibilityGlobals) = postSolution
		SolutionGuid = {19791597-1E9A-41FD-BD01-2EE849CE391D}
	EndGlobalSection
EndGlobal
